
Microsoft Visual Studio Solution File, Format Version 12.00
# Visual Studio Version 17
VisualStudioVersion = 17.1.32414.318
MinimumVisualStudioVersion = 10.0.40219.1
Project("{FAE04EC0-301F-11D3-BF4B-00C04F79EFBC}") = "Rabbit.Publisher.Api", "Rabbit.Publisher.Api\Rabbit.Publisher.Api.csproj", "{701CFA05-4637-4DA1-9DB8-1358EF6D3BCF}"
EndProject
Project("{FAE04EC0-301F-11D3-BF4B-00C04F79EFBC}") = "Rabbit.Consumer", "Rabbit.Consumer\Rabbit.Consumer.csproj", "{17B6B3E4-9F26-4CAB-BAC8-4024FE6D7B00}"
EndProject
Project("{FAE04EC0-301F-11D3-BF4B-00C04F79EFBC}") = "Rabbit.Model", "Rabbit.Model\Rabbit.Model.csproj", "{A5681194-80D7-4F82-A9D4-4AD8BFAADB76}"
EndProject
Project("{FAE04EC0-301F-11D3-BF4B-00C04F79EFBC}") = "Rabbit.Services", "Rabbit.Services\Rabbit.Services.csproj", "{15A040D6-39E6-452D-AD78-41274D119C66}"
EndProject
Project("{FAE04EC0-301F-11D3-BF4B-00C04F79EFBC}") = "Rabbit.Repositories", "Rabbit.Repositories\Rabbit.Repositories.csproj", "{12439AF6-A8E6-495E-A98A-F4046666A21D}"
EndProject
Global
	GlobalSection(SolutionConfigurationPlatforms) = preSolution
		Debug|Any CPU = Debug|Any CPU
		Release|Any CPU = Release|Any CPU
	EndGlobalSection
	GlobalSection(ProjectConfigurationPlatforms) = postSolution
		{701CFA05-4637-4DA1-9DB8-1358EF6D3BCF}.Debug|Any CPU.ActiveCfg = Debug|Any CPU
		{701CFA05-4637-4DA1-9DB8-1358EF6D3BCF}.Debug|Any CPU.Build.0 = Debug|Any CPU
		{701CFA05-4637-4DA1-9DB8-1358EF6D3BCF}.Release|Any CPU.ActiveCfg = Release|Any CPU
		{701CFA05-4637-4DA1-9DB8-1358EF6D3BCF}.Release|Any CPU.Build.0 = Release|Any CPU
		{17B6B3E4-9F26-4CAB-BAC8-4024FE6D7B00}.Debug|Any CPU.ActiveCfg = Debug|Any CPU
		{17B6B3E4-9F26-4CAB-BAC8-4024FE6D7B00}.Debug|Any CPU.Build.0 = Debug|Any CPU
		{17B6B3E4-9F26-4CAB-BAC8-4024FE6D7B00}.Release|Any CPU.ActiveCfg = Release|Any CPU
		{17B6B3E4-9F26-4CAB-BAC8-4024FE6D7B00}.Release|Any CPU.Build.0 = Release|Any CPU
		{A5681194-80D7-4F82-A9D4-4AD8BFAADB76}.Debug|Any CPU.ActiveCfg = Debug|Any CPU
		{A5681194-80D7-4F82-A9D4-4AD8BFAADB76}.Debug|Any CPU.Build.0 = Debug|Any CPU
		{A5681194-80D7-4F82-A9D4-4AD8BFAADB76}.Release|Any CPU.ActiveCfg = Release|Any CPU
		{A5681194-80D7-4F82-A9D4-4AD8BFAADB76}.Release|Any CPU.Build.0 = Release|Any CPU
		{15A040D6-39E6-452D-AD78-41274D119C66}.Debug|Any CPU.ActiveCfg = Debug|Any CPU
		{15A040D6-39E6-452D-AD78-41274D119C66}.Debug|Any CPU.Build.0 = Debug|Any CPU
		{15A040D6-39E6-452D-AD78-41274D119C66}.Release|Any CPU.ActiveCfg = Release|Any CPU
		{15A040D6-39E6-452D-AD78-41274D119C66}.Release|Any CPU.Build.0 = Release|Any CPU
		{12439AF6-A8E6-495E-A98A-F4046666A21D}.Debug|Any CPU.ActiveCfg = Debug|Any CPU
		{12439AF6-A8E6-495E-A98A-F4046666A21D}.Debug|Any CPU.Build.0 = Debug|Any CPU
		{12439AF6-A8E6-495E-A98A-F4046666A21D}.Release|Any CPU.ActiveCfg = Release|Any CPU
		{12439AF6-A8E6-495E-A98A-F4046666A21D}.Release|Any CPU.Build.0 = Release|Any CPU
	EndGlobalSection
	GlobalSection(SolutionProperties) = preSolution
		HideSolutionNode = FALSE
	EndGlobalSection
	GlobalSection(ExtensibilityGlobals) = postSolution
		SolutionGuid = {C9129142-5452-4700-8DC1-D413310D8251}
	EndGlobalSection
EndGlobal
